
Microsoft Visual Studio Solution File, Format Version 12.00
# Visual Studio Version 17
VisualStudioVersion = 17.14.36518.9 d17.14
MinimumVisualStudioVersion = 10.0.40219.1
Project("{FAE04EC0-301F-11D3-BF4B-00C04F79EFBC}") = "LibraryManagementSystem", "LibraryManagementSystem\LibraryManagementSystem.csproj", "{4C2AACA5-7DDF-4402-B207-5B2A04B55FCC}"
EndProject
Global
	GlobalSection(SolutionConfigurationPlatforms) = preSolution
		Debug|Any CPU = Debug|Any CPU
		Release|Any CPU = Release|Any CPU
	EndGlobalSection
	GlobalSection(ProjectConfigurationPlatforms) = postSolution
		{4C2AACA5-7DDF-4402-B207-5B2A04B55FCC}.Debug|Any CPU.ActiveCfg = Debug|Any CPU
		{4C2AACA5-7DDF-4402-B207-5B2A04B55FCC}.Debug|Any CPU.Build.0 = Debug|Any CPU
		{4C2AACA5-7DDF-4402-B207-5B2A04B55FCC}.Release|Any CPU.ActiveCfg = Release|Any CPU
		{4C2AACA5-7DDF-4402-B207-5B2A04B55FCC}.Release|Any CPU.Build.0 = Release|Any CPU
	EndGlobalSection
	GlobalSection(SolutionProperties) = preSolution
		HideSolutionNode = FALSE
	EndGlobalSection
	GlobalSection(ExtensibilityGlobals) = postSolution
		SolutionGuid = {AF60C10C-EF4C-428A-A272-4BEA794E0B14}
	EndGlobalSection
EndGlobal
